// !$*UTF8*$!
{
	archiveVersion = 1;
	classes = {
	};
	objectVersion = 56;
	objects = {

/* Begin PBXBuildFile section */
		93949F2A2ACE742F009AC07E /* testQuizApp.swift in Sources */ = {isa = PBXBuildFile; fileRef = 93949F292ACE742F009AC07E /* testQuizApp.swift */; };
		93949F2C2ACE742F009AC07E /* QuizHome.swift in Sources */ = {isa = PBXBuildFile; fileRef = 93949F2B2ACE742F009AC07E /* QuizHome.swift */; };
		93949F2E2ACE7430009AC07E /* Assets.xcassets in Resources */ = {isa = PBXBuildFile; fileRef = 93949F2D2ACE7430009AC07E /* Assets.xcassets */; };
		93949F312ACE7430009AC07E /* Preview Assets.xcassets in Resources */ = {isa = PBXBuildFile; fileRef = 93949F302ACE7430009AC07E /* Preview Assets.xcassets */; };
		93949F3B2ACE7430009AC07E /* testQuizTests.swift in Sources */ = {isa = PBXBuildFile; fileRef = 93949F3A2ACE7430009AC07E /* testQuizTests.swift */; };
		93949F452ACE7430009AC07E /* testQuizUITests.swift in Sources */ = {isa = PBXBuildFile; fileRef = 93949F442ACE7430009AC07E /* testQuizUITests.swift */; };
		93949F472ACE7430009AC07E /* testQuizUITestsLaunchTests.swift in Sources */ = {isa = PBXBuildFile; fileRef = 93949F462ACE7430009AC07E /* testQuizUITestsLaunchTests.swift */; };
		93949F572ACE8465009AC07E /* QuizQuestions.swift in Sources */ = {isa = PBXBuildFile; fileRef = 93949F562ACE8465009AC07E /* QuizQuestions.swift */; };
		93D4F5A02ADE18D7004C3F90 /* CustomQuestions.swift in Sources */ = {isa = PBXBuildFile; fileRef = 93D4F59F2ADE18D7004C3F90 /* CustomQuestions.swift */; };
		93D4F5A22ADE18DF004C3F90 /* CustomShow.swift in Sources */ = {isa = PBXBuildFile; fileRef = 93D4F5A12ADE18DF004C3F90 /* CustomShow.swift */; };
		93D4F5A72ADE1980004C3F90 /* CustomQuizCreator.swift in Sources */ = {isa = PBXBuildFile; fileRef = 93D4F5A62ADE1980004C3F90 /* CustomQuizCreator.swift */; };
		93DA5EF92ADBD04300D3DCD8 /* QuizMain.swift in Sources */ = {isa = PBXBuildFile; fileRef = 93DA5EF82ADBD04300D3DCD8 /* QuizMain.swift */; };
		93DA5EFB2ADBD19700D3DCD8 /* QuestionsShow.swift in Sources */ = {isa = PBXBuildFile; fileRef = 93DA5EFA2ADBD19700D3DCD8 /* QuestionsShow.swift */; };
		93DA5EFD2ADBE19200D3DCD8 /* quizSettings.swift in Sources */ = {isa = PBXBuildFile; fileRef = 93DA5EFC2ADBE19200D3DCD8 /* quizSettings.swift */; };
/* End PBXBuildFile section */

/* Begin PBXContainerItemProxy section */
		93949F372ACE7430009AC07E /* PBXContainerItemProxy */ = {
			isa = PBXContainerItemProxy;
			containerPortal = 93949F1E2ACE742F009AC07E /* Project object */;
			proxyType = 1;
			remoteGlobalIDString = 93949F252ACE742F009AC07E;
			remoteInfo = testQuiz;
		};
		93949F412ACE7430009AC07E /* PBXContainerItemProxy */ = {
			isa = PBXContainerItemProxy;
			containerPortal = 93949F1E2ACE742F009AC07E /* Project object */;
			proxyType = 1;
			remoteGlobalIDString = 93949F252ACE742F009AC07E;
			remoteInfo = testQuiz;
		};
/* End PBXContainerItemProxy section */

/* Begin PBXFileReference section */
		93949F262ACE742F009AC07E /* testQuiz.app */ = {isa = PBXFileReference; explicitFileType = wrapper.application; includeInIndex = 0; path = testQuiz.app; sourceTree = BUILT_PRODUCTS_DIR; };
		93949F292ACE742F009AC07E /* testQuizApp.swift */ = {isa = PBXFileReference; lastKnownFileType = sourcecode.swift; path = testQuizApp.swift; sourceTree = "<group>"; };
		93949F2B2ACE742F009AC07E /* QuizHome.swift */ = {isa = PBXFileReference; lastKnownFileType = sourcecode.swift; path = QuizHome.swift; sourceTree = "<group>"; };
		93949F2D2ACE7430009AC07E /* Assets.xcassets */ = {isa = PBXFileReference; lastKnownFileType = folder.assetcatalog; path = Assets.xcassets; sourceTree = "<group>"; };
		93949F302ACE7430009AC07E /* Preview Assets.xcassets */ = {isa = PBXFileReference; lastKnownFileType = folder.assetcatalog; path = "Preview Assets.xcassets"; sourceTree = "<group>"; };
		93949F362ACE7430009AC07E /* testQuizTests.xctest */ = {isa = PBXFileReference; explicitFileType = wrapper.cfbundle; includeInIndex = 0; path = testQuizTests.xctest; sourceTree = BUILT_PRODUCTS_DIR; };
		93949F3A2ACE7430009AC07E /* testQuizTests.swift */ = {isa = PBXFileReference; lastKnownFileType = sourcecode.swift; path = testQuizTests.swift; sourceTree = "<group>"; };
		93949F402ACE7430009AC07E /* testQuizUITests.xctest */ = {isa = PBXFileReference; explicitFileType = wrapper.cfbundle; includeInIndex = 0; path = testQuizUITests.xctest; sourceTree = BUILT_PRODUCTS_DIR; };
		93949F442ACE7430009AC07E /* testQuizUITests.swift */ = {isa = PBXFileReference; lastKnownFileType = sourcecode.swift; path = testQuizUITests.swift; sourceTree = "<group>"; };
		93949F462ACE7430009AC07E /* testQuizUITestsLaunchTests.swift */ = {isa = PBXFileReference; lastKnownFileType = sourcecode.swift; path = testQuizUITestsLaunchTests.swift; sourceTree = "<group>"; };
		93949F562ACE8465009AC07E /* QuizQuestions.swift */ = {isa = PBXFileReference; lastKnownFileType = sourcecode.swift; path = QuizQuestions.swift; sourceTree = "<group>"; };
		93D4F59F2ADE18D7004C3F90 /* CustomQuestions.swift */ = {isa = PBXFileReference; lastKnownFileType = sourcecode.swift; path = CustomQuestions.swift; sourceTree = "<group>"; };
		93D4F5A12ADE18DF004C3F90 /* CustomShow.swift */ = {isa = PBXFileReference; lastKnownFileType = sourcecode.swift; path = CustomShow.swift; sourceTree = "<group>"; };
		93D4F5A62ADE1980004C3F90 /* CustomQuizCreator.swift */ = {isa = PBXFileReference; lastKnownFileType = sourcecode.swift; path = CustomQuizCreator.swift; sourceTree = "<group>"; };
		93DA5EF82ADBD04300D3DCD8 /* QuizMain.swift */ = {isa = PBXFileReference; lastKnownFileType = sourcecode.swift; path = QuizMain.swift; sourceTree = "<group>"; };
		93DA5EFA2ADBD19700D3DCD8 /* QuestionsShow.swift */ = {isa = PBXFileReference; lastKnownFileType = sourcecode.swift; path = QuestionsShow.swift; sourceTree = "<group>"; };
		93DA5EFC2ADBE19200D3DCD8 /* quizSettings.swift */ = {isa = PBXFileReference; lastKnownFileType = sourcecode.swift; path = quizSettings.swift; sourceTree = "<group>"; };
/* End PBXFileReference section */

/* Begin PBXFrameworksBuildPhase section */
		93949F232ACE742F009AC07E /* Frameworks */ = {
			isa = PBXFrameworksBuildPhase;
			buildActionMask = 2147483647;
			files = (
			);
			runOnlyForDeploymentPostprocessing = 0;
		};
		93949F332ACE7430009AC07E /* Frameworks */ = {
			isa = PBXFrameworksBuildPhase;
			buildActionMask = 2147483647;
			files = (
			);
			runOnlyForDeploymentPostprocessing = 0;
		};
		93949F3D2ACE7430009AC07E /* Frameworks */ = {
			isa = PBXFrameworksBuildPhase;
			buildActionMask = 2147483647;
			files = (
			);
			runOnlyForDeploymentPostprocessing = 0;
		};
/* End PBXFrameworksBuildPhase section */

/* Begin PBXGroup section */
		93949F1D2ACE742F009AC07E = {
			isa = PBXGroup;
			children = (
				93949F282ACE742F009AC07E /* testQuiz */,
				93949F392ACE7430009AC07E /* testQuizTests */,
				93949F432ACE7430009AC07E /* testQuizUITests */,
				93949F272ACE742F009AC07E /* Products */,
			);
			sourceTree = "<group>";
		};
		93949F272ACE742F009AC07E /* Products */ = {
			isa = PBXGroup;
			children = (
				93949F262ACE742F009AC07E /* testQuiz.app */,
				93949F362ACE7430009AC07E /* testQuizTests.xctest */,
				93949F402ACE7430009AC07E /* testQuizUITests.xctest */,
			);
			name = Products;
			sourceTree = "<group>";
		};
		93949F282ACE742F009AC07E /* testQuiz */ = {
			isa = PBXGroup;
			children = (
				93949F552ACE8457009AC07E /* Model */,
				93949F542ACE842C009AC07E /* Assets */,
				93949F532ACE841E009AC07E /* ViewControllers */,
				93949F2F2ACE7430009AC07E /* Preview Content */,
			);
			path = testQuiz;
			sourceTree = "<group>";
		};
		93949F2F2ACE7430009AC07E /* Preview Content */ = {
			isa = PBXGroup;
			children = (
				93949F302ACE7430009AC07E /* Preview Assets.xcassets */,
			);
			path = "Preview Content";
			sourceTree = "<group>";
		};
		93949F392ACE7430009AC07E /* testQuizTests */ = {
			isa = PBXGroup;
			children = (
				93949F3A2ACE7430009AC07E /* testQuizTests.swift */,
			);
			path = testQuizTests;
			sourceTree = "<group>";
		};
		93949F432ACE7430009AC07E /* testQuizUITests */ = {
			isa = PBXGroup;
			children = (
				93949F442ACE7430009AC07E /* testQuizUITests.swift */,
				93949F462ACE7430009AC07E /* testQuizUITestsLaunchTests.swift */,
			);
			path = testQuizUITests;
			sourceTree = "<group>";
		};
		93949F532ACE841E009AC07E /* ViewControllers */ = {
			isa = PBXGroup;
			children = (
				93D4F5A82ADE1D30004C3F90 /* Main */,
				93D4F5A92ADE1DC7004C3F90 /* Custom */,
			);
			path = ViewControllers;
			sourceTree = "<group>";
		};
		93949F542ACE842C009AC07E /* Assets */ = {
			isa = PBXGroup;
			children = (
				93949F2D2ACE7430009AC07E /* Assets.xcassets */,
				93949F292ACE742F009AC07E /* testQuizApp.swift */,
			);
			path = Assets;
			sourceTree = "<group>";
		};
		93949F552ACE8457009AC07E /* Model */ = {
			isa = PBXGroup;
			children = (
				93D4F59E2ADE18BF004C3F90 /* Custom Level */,
				93D4F5A32ADE18ED004C3F90 /* Main Quiz */,
			);
			path = Model;
			sourceTree = "<group>";
		};
		93D4F59E2ADE18BF004C3F90 /* Custom Level */ = {
			isa = PBXGroup;
			children = (
				93D4F59F2ADE18D7004C3F90 /* CustomQuestions.swift */,
				93D4F5A12ADE18DF004C3F90 /* CustomShow.swift */,
			);
			path = "Custom Level";
			sourceTree = "<group>";
		};
		93D4F5A32ADE18ED004C3F90 /* Main Quiz */ = {
			isa = PBXGroup;
			children = (
				93949F562ACE8465009AC07E /* QuizQuestions.swift */,
				93DA5EFA2ADBD19700D3DCD8 /* QuestionsShow.swift */,
			);
			path = "Main Quiz";
			sourceTree = "<group>";
		};
		93D4F5A82ADE1D30004C3F90 /* Main */ = {
			isa = PBXGroup;
			children = (
				93949F2B2ACE742F009AC07E /* QuizHome.swift */,
				93DA5EF82ADBD04300D3DCD8 /* QuizMain.swift */,
				93DA5EFC2ADBE19200D3DCD8 /* quizSettings.swift */,
			);
			path = Main;
			sourceTree = "<group>";
		};
		93D4F5A92ADE1DC7004C3F90 /* Custom */ = {
			isa = PBXGroup;
			children = (
				93D4F5A62ADE1980004C3F90 /* CustomQuizCreator.swift */,
			);
			path = Custom;
			sourceTree = "<group>";
		};
/* End PBXGroup section */

/* Begin PBXNativeTarget section */
		93949F252ACE742F009AC07E /* testQuiz */ = {
			isa = PBXNativeTarget;
			buildConfigurationList = 93949F4A2ACE7430009AC07E /* Build configuration list for PBXNativeTarget "testQuiz" */;
			buildPhases = (
				93949F222ACE742F009AC07E /* Sources */,
				93949F232ACE742F009AC07E /* Frameworks */,
				93949F242ACE742F009AC07E /* Resources */,
			);
			buildRules = (
			);
			dependencies = (
			);
			name = testQuiz;
			productName = testQuiz;
			productReference = 93949F262ACE742F009AC07E /* testQuiz.app */;
			productType = "com.apple.product-type.application";
		};
		93949F352ACE7430009AC07E /* testQuizTests */ = {
			isa = PBXNativeTarget;
			buildConfigurationList = 93949F4D2ACE7430009AC07E /* Build configuration list for PBXNativeTarget "testQuizTests" */;
			buildPhases = (
				93949F322ACE7430009AC07E /* Sources */,
				93949F332ACE7430009AC07E /* Frameworks */,
				93949F342ACE7430009AC07E /* Resources */,
			);
			buildRules = (
			);
			dependencies = (
				93949F382ACE7430009AC07E /* PBXTargetDependency */,
			);
			name = testQuizTests;
			productName = testQuizTests;
			productReference = 93949F362ACE7430009AC07E /* testQuizTests.xctest */;
			productType = "com.apple.product-type.bundle.unit-test";
		};
		93949F3F2ACE7430009AC07E /* testQuizUITests */ = {
			isa = PBXNativeTarget;
			buildConfigurationList = 93949F502ACE7430009AC07E /* Build configuration list for PBXNativeTarget "testQuizUITests" */;
			buildPhases = (
				93949F3C2ACE7430009AC07E /* Sources */,
				93949F3D2ACE7430009AC07E /* Frameworks */,
				93949F3E2ACE7430009AC07E /* Resources */,
			);
			buildRules = (
			);
			dependencies = (
				93949F422ACE7430009AC07E /* PBXTargetDependency */,
			);
			name = testQuizUITests;
			productName = testQuizUITests;
			productReference = 93949F402ACE7430009AC07E /* testQuizUITests.xctest */;
			productType = "com.apple.product-type.bundle.ui-testing";
		};
/* End PBXNativeTarget section */

/* Begin PBXProject section */
		93949F1E2ACE742F009AC07E /* Project object */ = {
			isa = PBXProject;
			attributes = {
				BuildIndependentTargetsInParallel = 1;
				LastSwiftUpdateCheck = 1500;
				LastUpgradeCheck = 1500;
				TargetAttributes = {
					93949F252ACE742F009AC07E = {
						CreatedOnToolsVersion = 15.0;
					};
					93949F352ACE7430009AC07E = {
						CreatedOnToolsVersion = 15.0;
						TestTargetID = 93949F252ACE742F009AC07E;
					};
					93949F3F2ACE7430009AC07E = {
						CreatedOnToolsVersion = 15.0;
						TestTargetID = 93949F252ACE742F009AC07E;
					};
				};
			};
			buildConfigurationList = 93949F212ACE742F009AC07E /* Build configuration list for PBXProject "testQuiz" */;
			compatibilityVersion = "Xcode 14.0";
			developmentRegion = en;
			hasScannedForEncodings = 0;
			knownRegions = (
				en,
				Base,
			);
			mainGroup = 93949F1D2ACE742F009AC07E;
			productRefGroup = 93949F272ACE742F009AC07E /* Products */;
			projectDirPath = "";
			projectRoot = "";
			targets = (
				93949F252ACE742F009AC07E /* testQuiz */,
				93949F352ACE7430009AC07E /* testQuizTests */,
				93949F3F2ACE7430009AC07E /* testQuizUITests */,
			);
		};
/* End PBXProject section */

/* Begin PBXResourcesBuildPhase section */
		93949F242ACE742F009AC07E /* Resources */ = {
			isa = PBXResourcesBuildPhase;
			buildActionMask = 2147483647;
			files = (
				93949F312ACE7430009AC07E /* Preview Assets.xcassets in Resources */,
				93949F2E2ACE7430009AC07E /* Assets.xcassets in Resources */,
			);
			runOnlyForDeploymentPostprocessing = 0;
		};
		93949F342ACE7430009AC07E /* Resources */ = {
			isa = PBXResourcesBuildPhase;
			buildActionMask = 2147483647;
			files = (
			);
			runOnlyForDeploymentPostprocessing = 0;
		};
		93949F3E2ACE7430009AC07E /* Resources */ = {
			isa = PBXResourcesBuildPhase;
			buildActionMask = 2147483647;
			files = (
			);
			runOnlyForDeploymentPostprocessing = 0;
		};
/* End PBXResourcesBuildPhase section */

/* Begin PBXSourcesBuildPhase section */
		93949F222ACE742F009AC07E /* Sources */ = {
			isa = PBXSourcesBuildPhase;
			buildActionMask = 2147483647;
			files = (
				93949F2C2ACE742F009AC07E /* QuizHome.swift in Sources */,
				93D4F5A72ADE1980004C3F90 /* CustomQuizCreator.swift in Sources */,
				93DA5EFD2ADBE19200D3DCD8 /* quizSettings.swift in Sources */,
				93D4F5A02ADE18D7004C3F90 /* CustomQuestions.swift in Sources */,
				93DA5EFB2ADBD19700D3DCD8 /* QuestionsShow.swift in Sources */,
				93949F572ACE8465009AC07E /* QuizQuestions.swift in Sources */,
				93949F2A2ACE742F009AC07E /* testQuizApp.swift in Sources */,
				93DA5EF92ADBD04300D3DCD8 /* QuizMain.swift in Sources */,
				93D4F5A22ADE18DF004C3F90 /* CustomShow.swift in Sources */,
			);
			runOnlyForDeploymentPostprocessing = 0;
		};
		93949F322ACE7430009AC07E /* Sources */ = {
			isa = PBXSourcesBuildPhase;
			buildActionMask = 2147483647;
			files = (
				93949F3B2ACE7430009AC07E /* testQuizTests.swift in Sources */,
			);
			runOnlyForDeploymentPostprocessing = 0;
		};
		93949F3C2ACE7430009AC07E /* Sources */ = {
			isa = PBXSourcesBuildPhase;
			buildActionMask = 2147483647;
			files = (
				93949F472ACE7430009AC07E /* testQuizUITestsLaunchTests.swift in Sources */,
				93949F452ACE7430009AC07E /* testQuizUITests.swift in Sources */,
			);
			runOnlyForDeploymentPostprocessing = 0;
		};
/* End PBXSourcesBuildPhase section */

/* Begin PBXTargetDependency section */
		93949F382ACE7430009AC07E /* PBXTargetDependency */ = {
			isa = PBXTargetDependency;
			target = 93949F252ACE742F009AC07E /* testQuiz */;
			targetProxy = 93949F372ACE7430009AC07E /* PBXContainerItemProxy */;
		};
		93949F422ACE7430009AC07E /* PBXTargetDependency */ = {
			isa = PBXTargetDependency;
			target = 93949F252ACE742F009AC07E /* testQuiz */;
			targetProxy = 93949F412ACE7430009AC07E /* PBXContainerItemProxy */;
		};
/* End PBXTargetDependency section */

/* Begin XCBuildConfiguration section */
		93949F482ACE7430009AC07E /* Debug */ = {
			isa = XCBuildConfiguration;
			buildSettings = {
				ALWAYS_SEARCH_USER_PATHS = NO;
				ASSETCATALOG_COMPILER_GENERATE_SWIFT_ASSET_SYMBOL_EXTENSIONS = YES;
				CLANG_ANALYZER_NONNULL = YES;
				CLANG_ANALYZER_NUMBER_OBJECT_CONVERSION = YES_AGGRESSIVE;
				CLANG_CXX_LANGUAGE_STANDARD = "gnu++20";
				CLANG_ENABLE_MODULES = YES;
				CLANG_ENABLE_OBJC_ARC = YES;
				CLANG_ENABLE_OBJC_WEAK = YES;
				CLANG_WARN_BLOCK_CAPTURE_AUTORELEASING = YES;
				CLANG_WARN_BOOL_CONVERSION = YES;
				CLANG_WARN_COMMA = YES;
				CLANG_WARN_CONSTANT_CONVERSION = YES;
				CLANG_WARN_DEPRECATED_OBJC_IMPLEMENTATIONS = YES;
				CLANG_WARN_DIRECT_OBJC_ISA_USAGE = YES_ERROR;
				CLANG_WARN_DOCUMENTATION_COMMENTS = YES;
				CLANG_WARN_EMPTY_BODY = YES;
				CLANG_WARN_ENUM_CONVERSION = YES;
				CLANG_WARN_INFINITE_RECURSION = YES;
				CLANG_WARN_INT_CONVERSION = YES;
				CLANG_WARN_NON_LITERAL_NULL_CONVERSION = YES;
				CLANG_WARN_OBJC_IMPLICIT_RETAIN_SELF = YES;
				CLANG_WARN_OBJC_LITERAL_CONVERSION = YES;
				CLANG_WARN_OBJC_ROOT_CLASS = YES_ERROR;
				CLANG_WARN_QUOTED_INCLUDE_IN_FRAMEWORK_HEADER = YES;
				CLANG_WARN_RANGE_LOOP_ANALYSIS = YES;
				CLANG_WARN_STRICT_PROTOTYPES = YES;
				CLANG_WARN_SUSPICIOUS_MOVE = YES;
				CLANG_WARN_UNGUARDED_AVAILABILITY = YES_AGGRESSIVE;
				CLANG_WARN_UNREACHABLE_CODE = YES;
				CLANG_WARN__DUPLICATE_METHOD_MATCH = YES;
				COPY_PHASE_STRIP = NO;
				DEBUG_INFORMATION_FORMAT = dwarf;
				ENABLE_STRICT_OBJC_MSGSEND = YES;
				ENABLE_TESTABILITY = YES;
				ENABLE_USER_SCRIPT_SANDBOXING = YES;
				GCC_C_LANGUAGE_STANDARD = gnu17;
				GCC_DYNAMIC_NO_PIC = NO;
				GCC_NO_COMMON_BLOCKS = YES;
				GCC_OPTIMIZATION_LEVEL = 0;
				GCC_PREPROCESSOR_DEFINITIONS = (
					"DEBUG=1",
					"$(inherited)",
				);
				GCC_WARN_64_TO_32_BIT_CONVERSION = YES;
				GCC_WARN_ABOUT_RETURN_TYPE = YES_ERROR;
				GCC_WARN_UNDECLARED_SELECTOR = YES;
				GCC_WARN_UNINITIALIZED_AUTOS = YES_AGGRESSIVE;
				GCC_WARN_UNUSED_FUNCTION = YES;
				GCC_WARN_UNUSED_VARIABLE = YES;
				IPHONEOS_DEPLOYMENT_TARGET = 17.0;
				LOCALIZATION_PREFERS_STRING_CATALOGS = YES;
				MTL_ENABLE_DEBUG_INFO = INCLUDE_SOURCE;
				MTL_FAST_MATH = YES;
				ONLY_ACTIVE_ARCH = YES;
				SDKROOT = iphoneos;
				SWIFT_ACTIVE_COMPILATION_CONDITIONS = "DEBUG $(inherited)";
				SWIFT_OPTIMIZATION_LEVEL = "-Onone";
			};
			name = Debug;
		};
		93949F492ACE7430009AC07E /* Release */ = {
			isa = XCBuildConfiguration;
			buildSettings = {
				ALWAYS_SEARCH_USER_PATHS = NO;
				ASSETCATALOG_COMPILER_GENERATE_SWIFT_ASSET_SYMBOL_EXTENSIONS = YES;
				CLANG_ANALYZER_NONNULL = YES;
				CLANG_ANALYZER_NUMBER_OBJECT_CONVERSION = YES_AGGRESSIVE;
				CLANG_CXX_LANGUAGE_STANDARD = "gnu++20";
				CLANG_ENABLE_MODULES = YES;
				CLANG_ENABLE_OBJC_ARC = YES;
				CLANG_ENABLE_OBJC_WEAK = YES;
				CLANG_WARN_BLOCK_CAPTURE_AUTORELEASING = YES;
				CLANG_WARN_BOOL_CONVERSION = YES;
				CLANG_WARN_COMMA = YES;
				CLANG_WARN_CONSTANT_CONVERSION = YES;
				CLANG_WARN_DEPRECATED_OBJC_IMPLEMENTATIONS = YES;
				CLANG_WARN_DIRECT_OBJC_ISA_USAGE = YES_ERROR;
				CLANG_WARN_DOCUMENTATION_COMMENTS = YES;
				CLANG_WARN_EMPTY_BODY = YES;
				CLANG_WARN_ENUM_CONVERSION = YES;
				CLANG_WARN_INFINITE_RECURSION = YES;
				CLANG_WARN_INT_CONVERSION = YES;
				CLANG_WARN_NON_LITERAL_NULL_CONVERSION = YES;
				CLANG_WARN_OBJC_IMPLICIT_RETAIN_SELF = YES;
				CLANG_WARN_OBJC_LITERAL_CONVERSION = YES;
				CLANG_WARN_OBJC_ROOT_CLASS = YES_ERROR;
				CLANG_WARN_QUOTED_INCLUDE_IN_FRAMEWORK_HEADER = YES;
				CLANG_WARN_RANGE_LOOP_ANALYSIS = YES;
				CLANG_WARN_STRICT_PROTOTYPES = YES;
				CLANG_WARN_SUSPICIOUS_MOVE = YES;
				CLANG_WARN_UNGUARDED_AVAILABILITY = YES_AGGRESSIVE;
				CLANG_WARN_UNREACHABLE_CODE = YES;
				CLANG_WARN__DUPLICATE_METHOD_MATCH = YES;
				COPY_PHASE_STRIP = NO;
				DEBUG_INFORMATION_FORMAT = "dwarf-with-dsym";
				ENABLE_NS_ASSERTIONS = NO;
				ENABLE_STRICT_OBJC_MSGSEND = YES;
				ENABLE_USER_SCRIPT_SANDBOXING = YES;
				GCC_C_LANGUAGE_STANDARD = gnu17;
				GCC_NO_COMMON_BLOCKS = YES;
				GCC_WARN_64_TO_32_BIT_CONVERSION = YES;
				GCC_WARN_ABOUT_RETURN_TYPE = YES_ERROR;
				GCC_WARN_UNDECLARED_SELECTOR = YES;
				GCC_WARN_UNINITIALIZED_AUTOS = YES_AGGRESSIVE;
				GCC_WARN_UNUSED_FUNCTION = YES;
				GCC_WARN_UNUSED_VARIABLE = YES;
				IPHONEOS_DEPLOYMENT_TARGET = 17.0;
				LOCALIZATION_PREFERS_STRING_CATALOGS = YES;
				MTL_ENABLE_DEBUG_INFO = NO;
				MTL_FAST_MATH = YES;
				SDKROOT = iphoneos;
				SWIFT_COMPILATION_MODE = wholemodule;
				VALIDATE_PRODUCT = YES;
			};
			name = Release;
		};
		93949F4B2ACE7430009AC07E /* Debug */ = {
			isa = XCBuildConfiguration;
			buildSettings = {
				ASSETCATALOG_COMPILER_APPICON_NAME = AppIcon;
				ASSETCATALOG_COMPILER_GLOBAL_ACCENT_COLOR_NAME = AccentColor;
				CODE_SIGN_STYLE = Automatic;
				CURRENT_PROJECT_VERSION = 1;
				DEVELOPMENT_ASSET_PATHS = "\"testQuiz/Preview Content\"";
				DEVELOPMENT_TEAM = B48FZGM9W2;
				ENABLE_PREVIEWS = YES;
				GENERATE_INFOPLIST_FILE = YES;
				INFOPLIST_KEY_UIApplicationSceneManifest_Generation = YES;
				INFOPLIST_KEY_UIApplicationSupportsIndirectInputEvents = YES;
				INFOPLIST_KEY_UILaunchScreen_Generation = YES;
				INFOPLIST_KEY_UISupportedInterfaceOrientations_iPad = "UIInterfaceOrientationPortrait UIInterfaceOrientationPortraitUpsideDown UIInterfaceOrientationLandscapeLeft UIInterfaceOrientationLandscapeRight";
				INFOPLIST_KEY_UISupportedInterfaceOrientations_iPhone = "UIInterfaceOrientationPortrait UIInterfaceOrientationLandscapeLeft UIInterfaceOrientationLandscapeRight";
				LD_RUNPATH_SEARCH_PATHS = (
					"$(inherited)",
					"@executable_path/Frameworks",
				);
				MARKETING_VERSION = 1.0;
				PRODUCT_BUNDLE_IDENTIFIER = cam.elkims.testQuiz;
				PRODUCT_NAME = "$(TARGET_NAME)";
				SWIFT_EMIT_LOC_STRINGS = YES;
				SWIFT_VERSION = 5.0;
				TARGETED_DEVICE_FAMILY = "1,2";
			};
			name = Debug;
		};
		93949F4C2ACE7430009AC07E /* Release */ = {
			isa = XCBuildConfiguration;
			buildSettings = {
				ASSETCATALOG_COMPILER_APPICON_NAME = AppIcon;
				ASSETCATALOG_COMPILER_GLOBAL_ACCENT_COLOR_NAME = AccentColor;
				CODE_SIGN_STYLE = Automatic;
				CURRENT_PROJECT_VERSION = 1;
				DEVELOPMENT_ASSET_PATHS = "\"testQuiz/Preview Content\"";
				DEVELOPMENT_TEAM = B48FZGM9W2;
				ENABLE_PREVIEWS = YES;
				GENERATE_INFOPLIST_FILE = YES;
				INFOPLIST_KEY_UIApplicationSceneManifest_Generation = YES;
				INFOPLIST_KEY_UIApplicationSupportsIndirectInputEvents = YES;
				INFOPLIST_KEY_UILaunchScreen_Generation = YES;
				INFOPLIST_KEY_UISupportedInterfaceOrientations_iPad = "UIInterfaceOrientationPortrait UIInterfaceOrientationPortraitUpsideDown UIInterfaceOrientationLandscapeLeft UIInterfaceOrientationLandscapeRight";
				INFOPLIST_KEY_UISupportedInterfaceOrientations_iPhone = "UIInterfaceOrientationPortrait UIInterfaceOrientationLandscapeLeft UIInterfaceOrientationLandscapeRight";
				LD_RUNPATH_SEARCH_PATHS = (
					"$(inherited)",
					"@executable_path/Frameworks",
				);
				MARKETING_VERSION = 1.0;
				PRODUCT_BUNDLE_IDENTIFIER = cam.elkims.testQuiz;
				PRODUCT_NAME = "$(TARGET_NAME)";
				SWIFT_EMIT_LOC_STRINGS = YES;
				SWIFT_VERSION = 5.0;
				TARGETED_DEVICE_FAMILY = "1,2";
			};
			name = Release;
		};
		93949F4E2ACE7430009AC07E /* Debug */ = {
			isa = XCBuildConfiguration;
			buildSettings = {
				ALWAYS_EMBED_SWIFT_STANDARD_LIBRARIES = YES;
				BUNDLE_LOADER = "$(TEST_HOST)";
				CODE_SIGN_STYLE = Automatic;
				CURRENT_PROJECT_VERSION = 1;
				DEVELOPMENT_TEAM = B48FZGM9W2;
				GENERATE_INFOPLIST_FILE = YES;
				IPHONEOS_DEPLOYMENT_TARGET = 17.0;
				MARKETING_VERSION = 1.0;
				PRODUCT_BUNDLE_IDENTIFIER = cam.elkims.testQuizTests;
				PRODUCT_NAME = "$(TARGET_NAME)";
				SWIFT_EMIT_LOC_STRINGS = NO;
				SWIFT_VERSION = 5.0;
				TARGETED_DEVICE_FAMILY = "1,2";
				TEST_HOST = "$(BUILT_PRODUCTS_DIR)/testQuiz.app/$(BUNDLE_EXECUTABLE_FOLDER_PATH)/testQuiz";
			};
			name = Debug;
		};
		93949F4F2ACE7430009AC07E /* Release */ = {
			isa = XCBuildConfiguration;
			buildSettings = {
				ALWAYS_EMBED_SWIFT_STANDARD_LIBRARIES = YES;
				BUNDLE_LOADER = "$(TEST_HOST)";
				CODE_SIGN_STYLE = Automatic;
				CURRENT_PROJECT_VERSION = 1;
				DEVELOPMENT_TEAM = B48FZGM9W2;
				GENERATE_INFOPLIST_FILE = YES;
				IPHONEOS_DEPLOYMENT_TARGET = 17.0;
				MARKETING_VERSION = 1.0;
				PRODUCT_BUNDLE_IDENTIFIER = cam.elkims.testQuizTests;
				PRODUCT_NAME = "$(TARGET_NAME)";
				SWIFT_EMIT_LOC_STRINGS = NO;
				SWIFT_VERSION = 5.0;
				TARGETED_DEVICE_FAMILY = "1,2";
				TEST_HOST = "$(BUILT_PRODUCTS_DIR)/testQuiz.app/$(BUNDLE_EXECUTABLE_FOLDER_PATH)/testQuiz";
			};
			name = Release;
		};
		93949F512ACE7430009AC07E /* Debug */ = {
			isa = XCBuildConfiguration;
			buildSettings = {
				ALWAYS_EMBED_SWIFT_STANDARD_LIBRARIES = YES;
				CODE_SIGN_STYLE = Automatic;
				CURRENT_PROJECT_VERSION = 1;
				DEVELOPMENT_TEAM = B48FZGM9W2;
				GENERATE_INFOPLIST_FILE = YES;
				MARKETING_VERSION = 1.0;
				PRODUCT_BUNDLE_IDENTIFIER = cam.elkims.testQuizUITests;
				PRODUCT_NAME = "$(TARGET_NAME)";
				SWIFT_EMIT_LOC_STRINGS = NO;
				SWIFT_VERSION = 5.0;
				TARGETED_DEVICE_FAMILY = "1,2";
				TEST_TARGET_NAME = testQuiz;
			};
			name = Debug;
		};
		93949F522ACE7430009AC07E /* Release */ = {
			isa = XCBuildConfiguration;
			buildSettings = {
				ALWAYS_EMBED_SWIFT_STANDARD_LIBRARIES = YES;
				CODE_SIGN_STYLE = Automatic;
				CURRENT_PROJECT_VERSION = 1;
				DEVELOPMENT_TEAM = B48FZGM9W2;
				GENERATE_INFOPLIST_FILE = YES;
				MARKETING_VERSION = 1.0;
				PRODUCT_BUNDLE_IDENTIFIER = cam.elkims.testQuizUITests;
				PRODUCT_NAME = "$(TARGET_NAME)";
				SWIFT_EMIT_LOC_STRINGS = NO;
				SWIFT_VERSION = 5.0;
				TARGETED_DEVICE_FAMILY = "1,2";
				TEST_TARGET_NAME = testQuiz;
			};
			name = Release;
		};
/* End XCBuildConfiguration section */

/* Begin XCConfigurationList section */
		93949F212ACE742F009AC07E /* Build configuration list for PBXProject "testQuiz" */ = {
			isa = XCConfigurationList;
			buildConfigurations = (
				93949F482ACE7430009AC07E /* Debug */,
				93949F492ACE7430009AC07E /* Release */,
			);
			defaultConfigurationIsVisible = 0;
			defaultConfigurationName = Release;
		};
		93949F4A2ACE7430009AC07E /* Build configuration list for PBXNativeTarget "testQuiz" */ = {
			isa = XCConfigurationList;
			buildConfigurations = (
				93949F4B2ACE7430009AC07E /* Debug */,
				93949F4C2ACE7430009AC07E /* Release */,
			);
			defaultConfigurationIsVisible = 0;
			defaultConfigurationName = Release;
		};
		93949F4D2ACE7430009AC07E /* Build configuration list for PBXNativeTarget "testQuizTests" */ = {
			isa = XCConfigurationList;
			buildConfigurations = (
				93949F4E2ACE7430009AC07E /* Debug */,
				93949F4F2ACE7430009AC07E /* Release */,
			);
			defaultConfigurationIsVisible = 0;
			defaultConfigurationName = Release;
		};
		93949F502ACE7430009AC07E /* Build configuration list for PBXNativeTarget "testQuizUITests" */ = {
			isa = XCConfigurationList;
			buildConfigurations = (
				93949F512ACE7430009AC07E /* Debug */,
				93949F522ACE7430009AC07E /* Release */,
			);
			defaultConfigurationIsVisible = 0;
			defaultConfigurationName = Release;
		};
/* End XCConfigurationList section */
	};
	rootObject = 93949F1E2ACE742F009AC07E /* Project object */;
}
